
Microsoft Visual Studio Solution File, Format Version 12.00
# Visual Studio Version 16
VisualStudioVersion = 25.0.1704.4
MinimumVisualStudioVersion = 10.0.40219.1
Project("{FAE04EC0-301F-11D3-BF4B-00C04F79EFBC}") = "S2LK1", "S2LK1\S2LK1.csproj", "{50EE92C6-9A5F-4355-BD11-E9A92BAF3BC2}"
EndProject
Global
	GlobalSection(SolutionConfigurationPlatforms) = preSolution
		Debug|Any CPU = Debug|Any CPU
		Release|Any CPU = Release|Any CPU
	EndGlobalSection
	GlobalSection(ProjectConfigurationPlatforms) = postSolution
		{50EE92C6-9A5F-4355-BD11-E9A92BAF3BC2}.Debug|Any CPU.ActiveCfg = Debug|Any CPU
		{50EE92C6-9A5F-4355-BD11-E9A92BAF3BC2}.Debug|Any CPU.Build.0 = Debug|Any CPU
		{50EE92C6-9A5F-4355-BD11-E9A92BAF3BC2}.Release|Any CPU.ActiveCfg = Release|Any CPU
		{50EE92C6-9A5F-4355-BD11-E9A92BAF3BC2}.Release|Any CPU.Build.0 = Release|Any CPU
	EndGlobalSection
	GlobalSection(SolutionProperties) = preSolution
		HideSolutionNode = FALSE
	EndGlobalSection
	GlobalSection(ExtensibilityGlobals) = postSolution
		SolutionGuid = {F339E2E0-05C7-4ECF-97C5-1611CE923619}
	EndGlobalSection
EndGlobal
